PODS:
  - FBSnapshotTestCase (2.1.4):
    - FBSnapshotTestCase/SwiftSupport (= 2.1.4)
  - FBSnapshotTestCase/Core (2.1.4)
  - FBSnapshotTestCase/SwiftSupport (2.1.4):
    - FBSnapshotTestCase/Core
  - SpinnerView (0.1.0)

DEPENDENCIES:
  - FBSnapshotTestCase (~> 2.1.4)
  - SpinnerView (from `../`)

EXTERNAL SOURCES:
  SpinnerView:
    :path: "../"

SPEC CHECKSUMS:
  FBSnapshotTestCase: 094f9f314decbabe373b87cc339bea235a63e07a
  SpinnerView: 18740e93a13e2b996422d383892b887972f5af05

PODFILE CHECKSUM: 9ca2489caaad02728a6abba3be012781b88bea5a

COCOAPODS: 1.2.1
